hash: 956185a890fa281a7b6bb13c215588e9eadf13e11efaa449b25e416914d8899c
updated: 2017-09-13T07:13:18.994310187Z
imports:
- name: github.com/agl/ed25519
  version: 5312a61534124124185d41f09206b9fef1d88403
  subpackages:
  - edwards25519
  - extra25519
- name: github.com/companyzero/sntrup4591761
  version: d12a55f2fc0d727215218349bc3c666b5e47bcd8
  subpackages:
  - r3
  - r3/mod3
  - r3/vector
  - rq
  - rq/modq
  - rq/vector
  - zx
- name: github.com/companyzero/ttk
  version: fcf641c1929e4c660af6e5579aabc6334f07ca5d
- name: github.com/davecgh/go-spew
  version: 782f4967f2dc4564575ca782fe2d04090b5faca8
  subpackages:
  - spew
- name: github.com/davecgh/go-xdr
  version: e6a2ba005892b6a5b27cb5352f64c2e96942dd28
  subpackages:
  - xdr2
- name: github.com/marcopeereboom/goutil
  version: 30a0823e951a0a83c401091737f2b1957d163dd0
- name: github.com/marcopeereboom/lockfile
  version: ef9e288e8c1efac469aa03ec8cb7edb7c5ad42db
- name: github.com/mattn/go-runewidth
  version: 97311d9f7767e3d6f422ea06661bc2c7a19e8a5d
- name: github.com/mitchellh/go-homedir
  version: b8bc1bf767474819792c23f32d8286a45736f1c6
- name: github.com/nsf/termbox-go
  version: 72800b73ab9a3c78df350738298b0361354772ff
- name: github.com/vaughan0/go-ini
  version: a98ad7ee00ec53921f08832bc06ecf7fd600e6a1
- name: golang.org/x/crypto
  version: 5ef0053f77724838734b6945dd364d3847e5de1d
  subpackages:
  - curve25519
  - nacl/secretbox
  - pbkdf2
  - poly1305
  - salsa20/salsa
  - scrypt
testImports:
- name: github.com/pmezard/go-difflib
  version: 792786c7400a136282c1664665ae0a8db921c6c2
  subpackages:
  - difflib
