github.com/agl/ed25519 v0.0.0-20170116200512-5312a6153412 h1:w1UutsfOrms1J05zt7ISrnJIXKzwaspym5BTKGx93EI=
github.com/agl/ed25519 v0.0.0-20170116200512-5312a6153412/go.mod h1:WPjqKcmVOxf0XSf3YxCJs6N6AOSrOx3obionmG7T0y0=
github.com/companyzero/sntrup4591761 v0.0.0-20170925131231-f6d504b86dc0 h1:Sg/e2scbLZW8cmDYwPGsMgk211JKfHmVvx48vsJajSc=
github.com/companyzero/sntrup4591761 v0.0.0-20170925131231-f6d504b86dc0/go.mod h1:mqO8bOUjFw4AUP6X5CFkXV4IZJXnDy7oghYhbVsDb2M=
github.com/companyzero/ttk v0.0.0-20181203152906-42f9cd9db0b1 h1:DhvsRx1vj0DcR8DX+tYuOGxbQRI2AdEQDKvEokyZRP4=
github.com/companyzero/ttk v0.0.0-20181203152906-42f9cd9db0b1/go.mod h1:/p9LD5J6oSjM2aq91LNIvOeQGaTqD9KAJdDkISLq6O4=
github.com/companyzero/ttk v0.0.0-20181219190539-6aa38fb89898 h1:dy/ngKYWwHUPLTKS2bDVcR5IuPR3lueVY9CqhxBg1GA=
github.com/companyzero/ttk v0.0.0-20181219190539-6aa38fb89898/go.mod h1:/p9LD5J6oSjM2aq91LNIvOeQGaTqD9KAJdDkISLq6O4=
github.com/companyzero/ttk v0.0.0-20181219201045-f414e6d9e737 h1:kIVq8Ea46sjFhbbMvauCBen0nci7K6Se+osRIvrThMc=
github.com/companyzero/ttk v0.0.0-20181219201045-f414e6d9e737/go.mod h1:/p9LD5J6oSjM2aq91LNIvOeQGaTqD9KAJdDkISLq6O4=
github.com/davecgh/go-spew v1.1.0 h1:ZDRjVQ15GmhC3fiQ8ni8+OwkZQO4DARzQgrnXU1Liz8=
github.com/davecgh/go-spew v1.1.0/go.mod h1:J7Y8YcW2NihsgmVo/mv3lAwl/skON4iLHjSsI+c5H38=
github.com/davecgh/go-spew v1.1.1 h1:vj9j/u1bqnvCEfJOwUhtlOARqs3+rkHYY13jYWTU97c=
github.com/davecgh/go-spew v1.1.1/go.mod h1:J7Y8YcW2NihsgmVo/mv3lAwl/skON4iLHjSsI+c5H38=
github.com/davecgh/go-xdr v0.0.0-20161123171359-e6a2ba005892 h1:qg9VbHo1TlL0KDM0vYvBG9EY0X0Yku5WYIPoFWt8f6o=
github.com/davecgh/go-xdr v0.0.0-20161123171359-e6a2ba005892/go.mod h1:CTDl0pzVzE5DEzZhPfvhY/9sPFMQIxaJ9VAMs9AagrE=
github.com/marcopeereboom/goutil v0.0.0-20151009174051-30a0823e951a h1:bun2ZPCPdMmRb3q7CGAWIW/AbpSF5V/8oQC+J/M68gs=
github.com/marcopeereboom/goutil v0.0.0-20151009174051-30a0823e951a/go.mod h1:fvPDFuW1RaxnOcWaCsi+PXZirjXReJJ/+fz1v8mT++k=
github.com/mattn/go-runewidth v0.0.3 h1:a+kO+98RDGEfo6asOGMmpodZq4FNtnGP54yps8BzLR4=
github.com/mattn/go-runewidth v0.0.3/go.mod h1:LwmH8dsx7+W8Uxz3IHJYH5QSwggIsqBzpuz5H//U1FU=
github.com/mattn/go-runewidth v0.0.4 h1:2BvfKmzob6Bmd4YsL0zygOqfdFnK7GR4QL06Do4/p7Y=
github.com/mattn/go-runewidth v0.0.4/go.mod h1:LwmH8dsx7+W8Uxz3IHJYH5QSwggIsqBzpuz5H//U1FU=
github.com/mitchellh/go-homedir v0.0.0-20161203194507-b8bc1bf76747 h1:eQox4Rh4ewJF+mqYPxCkmBAirRnPaHEB26UkNuPyjlk=
github.com/mitchellh/go-homedir v0.0.0-20161203194507-b8bc1bf76747/go.mod h1:SfyaCUpYCn1Vlf4IUYiD9fPX4A5wJrkLzIz1N1q0pr0=
github.com/mitchellh/go-homedir v1.0.0 h1:vKb8ShqSby24Yrqr/yDYkuFz8d0WUjys40rvnGC8aR0=
github.com/mitchellh/go-homedir v1.0.0/go.mod h1:SfyaCUpYCn1Vlf4IUYiD9fPX4A5wJrkLzIz1N1q0pr0=
github.com/nsf/termbox-go v0.0.0-20181027232701-60ab7e3d12ed h1:bAVGG6B+R5qpSylrrA+BAMrzYkdAoiTaKPVxRB+4cyM=
github.com/nsf/termbox-go v0.0.0-20181027232701-60ab7e3d12ed/go.mod h1:IuKpRQcYE1Tfu+oAQqaLisqDeXgjyyltCfsaoYN18NQ=
github.com/pmezard/go-difflib v1.0.0 h1:4DBwDE0NGyQoBHbLQYPwSUPoCMWR5BEzIk/f1lZbAQM=
github.com/pmezard/go-difflib v1.0.0/go.mod h1:iKH77koFhYxTK1pcRnkKkqfTogsbg7gZNVY4sRDYZ/4=
github.com/vaughan0/go-ini v0.0.0-20130923145212-a98ad7ee00ec h1:DGmKwyZwEB8dI7tbLt/I/gQuP559o/0FrAkHKlQM/Ks=
github.com/vaughan0/go-ini v0.0.0-20130923145212-a98ad7ee00ec/go.mod h1:owBmyHYMLkxyrugmfwE/DLJyW8Ro9mkphwuVErQ0iUw=
golang.org/x/crypto v0.0.0-20170927200519-c84b36c635ad h1:0EwAwZ/VlCjSn6QAQwJbhGgTzo26XQQOxPuxanYBoS0=
golang.org/x/crypto v0.0.0-20170927200519-c84b36c635ad/go.mod h1:6SG95UA2DQfeDnfUPMdvaQW0Q7yPrPDi9nlGo2tz2b4=
golang.org/x/crypto v0.0.0-20181203042331-505ab145d0a9 h1:mKdxBk7AujPs8kU4m80U72y/zjbZ3UcXC7dClwKbUI0=
golang.org/x/crypto v0.0.0-20181203042331-505ab145d0a9/go.mod h1:6SG95UA2DQfeDnfUPMdvaQW0Q7yPrPDi9nlGo2tz2b4=
golang.org/x/sync v0.0.0-20181108010431-42b317875d0f h1:Bl/8QSvNqXvPGPGXa2z5xUTmV7VDcZyvRZ+QQXkXTZQ=
golang.org/x/sync v0.0.0-20181108010431-42b317875d0f/go.mod h1:RxMgew5VJxzue5/jJTE5uejpjVlOe/izrB70Jof72aM=
golang.org/x/sys v0.0.0-20181128092732-4ed8d59d0b35 h1:YAFjXN64LMvktoUZH9zgY4lGc/msGN7HQfoSuKCgaDU=
golang.org/x/sys v0.0.0-20181128092732-4ed8d59d0b35/go.mod h1:STP8DvDyc/dI5b8T5hshtkjS+E42TnysNCUPdjciGhY=
golang.org/x/sys v0.0.0-20181218192612-074acd46bca6/go.mod h1:STP8DvDyc/dI5b8T5hshtkjS+E42TnysNCUPdjciGhY=
