# This file is autogenerated, do not edit; changes may be undone by the next 'dep ensure'.


[[projects]]
  branch = "master"
  name = "github.com/agl/ed25519"
  packages = [".","edwards25519"]
  revision = "5312a61534124124185d41f09206b9fef1d88403"

[[projects]]
  branch = "master"
  name = "github.com/companyzero/sntrup4591761"
  packages = [".","r3","r3/mod3","r3/vector","rq","rq/modq","rq/vector","zx"]
  revision = "f6d504b86dc00c205a94e7588a9abef71faa13c1"

[[projects]]
  branch = "master"
  name = "github.com/companyzero/ttk"
  packages = ["."]
  revision = "fcf641c1929e4c660af6e5579aabc6334f07ca5d"

[[projects]]
  name = "github.com/davecgh/go-spew"
  packages = ["spew"]
  revision = "346938d642f2ec3594ed81d874461961cd0faa76"
  version = "v1.1.0"

[[projects]]
  branch = "master"
  name = "github.com/davecgh/go-xdr"
  packages = ["xdr2"]
  revision = "e6a2ba005892b6a5b27cb5352f64c2e96942dd28"

[[projects]]
  branch = "master"
  name = "github.com/marcopeereboom/goutil"
  packages = ["."]
  revision = "30a0823e951a0a83c401091737f2b1957d163dd0"

[[projects]]
  branch = "master"
  name = "github.com/marcopeereboom/lockfile"
  packages = ["."]
  revision = "fccf54cf713a65ff908069f4f28184d85089af9c"

[[projects]]
  name = "github.com/mattn/go-runewidth"
  packages = ["."]
  revision = "9e777a8366cce605130a531d2cd6363d07ad7317"
  version = "v0.0.2"

[[projects]]
  branch = "master"
  name = "github.com/mitchellh/go-homedir"
  packages = ["."]
  revision = "b8bc1bf767474819792c23f32d8286a45736f1c6"

[[projects]]
  branch = "master"
  name = "github.com/nsf/termbox-go"
  packages = ["."]
  revision = "4ed959e0540971545eddb8c75514973d670cf739"

[[projects]]
  name = "github.com/pmezard/go-difflib"
  packages = ["difflib"]
  revision = "792786c7400a136282c1664665ae0a8db921c6c2"
  version = "v1.0.0"

[[projects]]
  branch = "master"
  name = "github.com/vaughan0/go-ini"
  packages = ["."]
  revision = "a98ad7ee00ec53921f08832bc06ecf7fd600e6a1"

[[projects]]
  branch = "master"
  name = "golang.org/x/crypto"
  packages = ["curve25519","nacl/secretbox","pbkdf2","poly1305","salsa20/salsa","scrypt"]
  revision = "847319b7fc94cab682988f93da778204da164588"

[solve-meta]
  analyzer-name = "dep"
  analyzer-version = 1
  inputs-digest = "e4b2b62fcba969c71ffb8e36fc5a4ad9f5f6ca1216235e5b5f26f241f6c6a9c1"
  solver-name = "gps-cdcl"
  solver-version = 1
