# This file is autogenerated, do not edit; changes may be undone by the next 'dep ensure'.


[[projects]]
  branch = "master"
  name = "github.com/agl/ed25519"
  packages = [".","edwards25519"]
  revision = "5312a61534124124185d41f09206b9fef1d88403"

[[projects]]
  branch = "master"
  name = "github.com/companyzero/sntrup4591761"
  packages = [".","r3","r3/mod3","r3/vector","rq","rq/modq","rq/vector","zx"]
  revision = "f6d504b86dc00c205a94e7588a9abef71faa13c1"

[[projects]]
  branch = "master"
  name = "github.com/companyzero/ttk"
  packages = ["."]
  revision = "b7b38a8596eec6f0ca13cec2c1e015f3ab3685d1"

[[projects]]
  name = "github.com/davecgh/go-spew"
  packages = ["spew"]
  revision = "346938d642f2ec3594ed81d874461961cd0faa76"
  version = "v1.1.0"

[[projects]]
  branch = "master"
  name = "github.com/davecgh/go-xdr"
  packages = ["xdr2"]
  revision = "e6a2ba005892b6a5b27cb5352f64c2e96942dd28"

[[projects]]
  branch = "master"
  name = "github.com/marcopeereboom/goutil"
  packages = ["."]
  revision = "30a0823e951a0a83c401091737f2b1957d163dd0"

[[projects]]
  name = "github.com/mattn/go-runewidth"
  packages = ["."]
  revision = "9e777a8366cce605130a531d2cd6363d07ad7317"
  version = "v0.0.2"

[[projects]]
  branch = "master"
  name = "github.com/mitchellh/go-homedir"
  packages = ["."]
  revision = "b8bc1bf767474819792c23f32d8286a45736f1c6"

[[projects]]
  branch = "master"
  name = "github.com/nsf/termbox-go"
  packages = ["."]
  revision = "4ed959e0540971545eddb8c75514973d670cf739"

[[projects]]
  name = "github.com/pmezard/go-difflib"
  packages = ["difflib"]
  revision = "792786c7400a136282c1664665ae0a8db921c6c2"
  version = "v1.0.0"

[[projects]]
  branch = "master"
  name = "github.com/vaughan0/go-ini"
  packages = ["."]
  revision = "a98ad7ee00ec53921f08832bc06ecf7fd600e6a1"

[[projects]]
  branch = "master"
  name = "golang.org/x/crypto"
  packages = ["curve25519","nacl/secretbox","pbkdf2","poly1305","salsa20/salsa","scrypt"]
  revision = "c84b36c635ad003a10f0c755dff5685ceef18c71"

[solve-meta]
  analyzer-name = "dep"
  analyzer-version = 1
  inputs-digest = "ad02f37c4e13ce3791345e42b4c37767f1ac92178784a5421a51df7a264ccee8"
  solver-name = "gps-cdcl"
  solver-version = 1
